
Microsoft Visual Studio Solution File, Format Version 12.00
# Visual Studio 2012
Project("{FAE04EC0-301F-11D3-BF4B-00C04F79EFBC}") = "PersonelTakipUygulamasi", "PersonelTakipUygulamasi.csproj", "{CE35E28E-6124-45A0-9D4D-73ED749F512D}"
EndProject
Global
	GlobalSection(SolutionConfigurationPlatforms) = preSolution
		Debug|Any CPU = Debug|Any CPU
		Release|Any CPU = Release|Any CPU
	EndGlobalSection
	GlobalSection(ProjectConfigurationPlatforms) = postSolution
		{CE35E28E-6124-45A0-9D4D-73ED749F512D}.Debug|Any CPU.ActiveCfg = Debug|Any CPU
		{CE35E28E-6124-45A0-9D4D-73ED749F512D}.Debug|Any CPU.Build.0 = Debug|Any CPU
		{CE35E28E-6124-45A0-9D4D-73ED749F512D}.Release|Any CPU.ActiveCfg = Release|Any CPU
		{CE35E28E-6124-45A0-9D4D-73ED749F512D}.Release|Any CPU.Build.0 = Release|Any CPU
	EndGlobalSection
	GlobalSection(SolutionProperties) = preSolution
		HideSolutionNode = FALSE
	EndGlobalSection
EndGlobal
